
Microsoft Visual Studio Solution File, Format Version 12.00
# Visual Studio 15
VisualStudioVersion = 15.0.28307.645
MinimumVisualStudioVersion = 10.0.40219.1
Project("{FAE04EC0-301F-11D3-BF4B-00C04F79EFBC}") = "Open_SSMe_WPF", "Open_SSMe_WPF\Open_SSMe_WPF.csproj", "{8F51BA56-6768-4B11-B2ED-847CE3708A2C}"
EndProject
Global
	GlobalSection(SolutionConfigurationPlatforms) = preSolution
		Debug|Any CPU = Debug|Any CPU
		Release|Any CPU = Release|Any CPU
	EndGlobalSection
	GlobalSection(ProjectConfigurationPlatforms) = postSolution
		{8F51BA56-6768-4B11-B2ED-847CE3708A2C}.Debug|Any CPU.ActiveCfg = Debug|Any CPU
		{8F51BA56-6768-4B11-B2ED-847CE3708A2C}.Debug|Any CPU.Build.0 = Debug|Any CPU
		{8F51BA56-6768-4B11-B2ED-847CE3708A2C}.Release|Any CPU.ActiveCfg = Release|Any CPU
		{8F51BA56-6768-4B11-B2ED-847CE3708A2C}.Release|Any CPU.Build.0 = Release|Any CPU
	EndGlobalSection
	GlobalSection(SolutionProperties) = preSolution
		HideSolutionNode = FALSE
	EndGlobalSection
	GlobalSection(ExtensibilityGlobals) = postSolution
		SolutionGuid = {20651774-8233-477E-AA3A-87177B188882}
	EndGlobalSection
EndGlobal
